
Microsoft Visual Studio Solution File, Format Version 12.00
# Visual Studio Version 17
VisualStudioVersion = 17.1.32421.90
MinimumVisualStudioVersion = 10.0.40219.1
Project("{FAE04EC0-301F-11D3-BF4B-00C04F79EFBC}") = "ej3", "ejercicios\ej3.csproj", "{401B4293-8571-46C4-821A-07C45C7A95EB}"
EndProject
Project("{FAE04EC0-301F-11D3-BF4B-00C04F79EFBC}") = "ej4 bien", "ej4 bien\ej4 bien.csproj", "{36BF9B8D-1D9E-495B-8176-BE62AD4F52A4}"
EndProject
Project("{FAE04EC0-301F-11D3-BF4B-00C04F79EFBC}") = "Juego AI", "Juego AI\Juego AI.csproj", "{8DA493D4-8563-4183-90BC-4B94ADC34704}"
EndProject
Project("{FAE04EC0-301F-11D3-BF4B-00C04F79EFBC}") = "Copito", "Copito\Copito.csproj", "{2A1AB180-764A-4181-956C-9EFEE0C2F471}"
EndProject
Project("{FAE04EC0-301F-11D3-BF4B-00C04F79EFBC}") = "ejerciciosNumeros", "ejerciciosNumeros\ejerciciosNumeros.csproj", "{7300EDA2-5557-4407-ADC7-C796D13D9175}"
EndProject
Project("{FAE04EC0-301F-11D3-BF4B-00C04F79EFBC}") = "Ejercicio Personas", "ejercicioPersonas\Ejercicio Personas.csproj", "{8E111E6C-F521-4C6E-BC9C-D4E186524C73}"
EndProject
Project("{FAE04EC0-301F-11D3-BF4B-00C04F79EFBC}") = "poblArge", "poblArge\poblArge.csproj", "{37FC8FB1-2D49-4377-875F-48CDA9D46DC1}"
EndProject
Project("{FAE04EC0-301F-11D3-BF4B-00C04F79EFBC}") = "aPedidoDelPublico", "aPedidoDelPublico\aPedidoDelPublico.csproj", "{C5CA2218-7C84-4A7F-9BEE-0F1F42646352}"
EndProject
Project("{FAE04EC0-301F-11D3-BF4B-00C04F79EFBC}") = "bibioteca", "bibioteca\bibioteca.csproj", "{D6BAFD76-4ABD-4139-B919-9F6B33AB0ECA}"
EndProject
Project("{FAE04EC0-301F-11D3-BF4B-00C04F79EFBC}") = "pobl3Paises", "pobl3Paises\pobl3Paises.csproj", "{3320DD44-9BB0-45E3-BC07-8B87FC722121}"
EndProject
Project("{FAE04EC0-301F-11D3-BF4B-00C04F79EFBC}") = "pobl3PaisesPeroMuerenCada2Min", "pobl3PaisesPeroMuerenCada2Min\pobl3PaisesPeroMuerenCada2Min.csproj", "{72553D05-3CB8-437D-B171-1D2E1F882658}"
EndProject
Project("{FAE04EC0-301F-11D3-BF4B-00C04F79EFBC}") = "ejerciciosObligatorios10", "ejerciciosObligatorios10\ejerciciosObligatorios10.csproj", "{793EF7A9-6547-4727-BD30-E63C269CF743}"
EndProject
Project("{FAE04EC0-301F-11D3-BF4B-00C04F79EFBC}") = "ejerciciosObligatorios11", "ejerciciosObligatorios11\ejerciciosObligatorios11.csproj", "{2FA5B174-7E9C-4729-9483-3BCBC356A019}"
EndProject
Project("{FAE04EC0-301F-11D3-BF4B-00C04F79EFBC}") = "ejerciciosObligatorios02", "ejerciciosObligatorios02\ejerciciosObligatorios02.csproj", "{D53EE7AE-5332-4FCC-9C48-F0D7173B4FD5}"
EndProject
Project("{FAE04EC0-301F-11D3-BF4B-00C04F79EFBC}") = "ejerciciosObligatorios01", "ejerciciosObligatorios01\ejerciciosObligatorios01.csproj", "{14A723A7-B699-4C23-B941-FAE8FDBDB468}"
EndProject
Project("{FAE04EC0-301F-11D3-BF4B-00C04F79EFBC}") = "ejerciciosObligatorios03", "ejerciciosObligatorios03\ejerciciosObligatorios03.csproj", "{CEB0BE8B-D823-45DC-8DB7-21C255FBA560}"
EndProject
Project("{FAE04EC0-301F-11D3-BF4B-00C04F79EFBC}") = "ejerciciosObligatorios04", "ejerciciosObligatorios04\ejerciciosObligatorios04.csproj", "{28F3250B-D048-4A17-8EA5-D429ACE665EA}"
EndProject
Project("{FAE04EC0-301F-11D3-BF4B-00C04F79EFBC}") = "ejerciciosObligatorios05", "ejerciciosObligatorios05\ejerciciosObligatorios05.csproj", "{661E08E3-1849-4598-92DD-01346A7B975B}"
EndProject
Project("{FAE04EC0-301F-11D3-BF4B-00C04F79EFBC}") = "ejerciciosObligatorios06", "ejerciciosObligatorios06\ejerciciosObligatorios06.csproj", "{5EE6053C-304B-458B-BCA6-483747448598}"
EndProject
Project("{FAE04EC0-301F-11D3-BF4B-00C04F79EFBC}") = "ejerciciosObligatorios07", "ejerciciosObligatorios07\ejerciciosObligatorios07.csproj", "{74F971B8-28E3-4D6B-9399-8E2B21481E89}"
EndProject
Project("{FAE04EC0-301F-11D3-BF4B-00C04F79EFBC}") = "ejerciciosObligatorios08", "ejerciciosObligatorios08\ejerciciosObligatorios08.csproj", "{7037C13E-68BA-4604-8352-E1D539ADF346}"
EndProject
Project("{FAE04EC0-301F-11D3-BF4B-00C04F79EFBC}") = "ejerciciosObligatorios09", "ejerciciosObligatorios09\ejerciciosObligatorios09.csproj", "{AE38C235-6E29-427A-8B26-E215A6DDBB91}"
EndProject
Project("{FAE04EC0-301F-11D3-BF4B-00C04F79EFBC}") = "ejerciciosObligatorios12", "ejerciciosObligatorios12\ejerciciosObligatorios12.csproj", "{7D00BDBB-C3EE-424F-A536-7918E89A2F07}"
EndProject
Project("{FAE04EC0-301F-11D3-BF4B-00C04F79EFBC}") = "ejerciciosObligatorios13", "ejerciciosObligatorios13\ejerciciosObligatorios13.csproj", "{3BBEEEC3-1D22-4540-981E-AF339C0060C6}"
EndProject
Project("{FAE04EC0-301F-11D3-BF4B-00C04F79EFBC}") = "ejerciciosObligatorios14", "ejerciciosObligatorios14\ejerciciosObligatorios14.csproj", "{ACBD4605-B4B6-46DA-A793-E4651F944BA0}"
EndProject
Project("{FAE04EC0-301F-11D3-BF4B-00C04F79EFBC}") = "ejerciciosObligatorios15", "ejerciciosObligatorios15\ejerciciosObligatorios15.csproj", "{37AAB9CC-9B2D-4C6C-A48B-B5E07FC8CB5D}"
EndProject
Project("{FAE04EC0-301F-11D3-BF4B-00C04F79EFBC}") = "formularios01", "formularios01\formularios01.csproj", "{D48DF3CB-1F64-41FD-91B7-5DD0559C8272}"
EndProject
Project("{FAE04EC0-301F-11D3-BF4B-00C04F79EFBC}") = "ReproductorMP3", "E:\ReproductorMP3\ReproductorMP3.csproj", "{9BEABD12-6AB1-4CF2-84CB-853A880D6D74}"
EndProject
Project("{FAE04EC0-301F-11D3-BF4B-00C04F79EFBC}") = "ejerciciosObligatorios16", "ejerciciosObligatorios16\ejerciciosObligatorios16.csproj", "{D20D9623-F309-4C23-97A3-69FC64E568AE}"
EndProject
Global
	GlobalSection(SolutionConfigurationPlatforms) = preSolution
		Debug|Any CPU = Debug|Any CPU
		Release|Any CPU = Release|Any CPU
	EndGlobalSection
	GlobalSection(ProjectConfigurationPlatforms) = postSolution
		{401B4293-8571-46C4-821A-07C45C7A95EB}.Debug|Any CPU.ActiveCfg = Debug|Any CPU
		{401B4293-8571-46C4-821A-07C45C7A95EB}.Debug|Any CPU.Build.0 = Debug|Any CPU
		{401B4293-8571-46C4-821A-07C45C7A95EB}.Release|Any CPU.ActiveCfg = Release|Any CPU
		{401B4293-8571-46C4-821A-07C45C7A95EB}.Release|Any CPU.Build.0 = Release|Any CPU
		{36BF9B8D-1D9E-495B-8176-BE62AD4F52A4}.Debug|Any CPU.ActiveCfg = Debug|Any CPU
		{36BF9B8D-1D9E-495B-8176-BE62AD4F52A4}.Debug|Any CPU.Build.0 = Debug|Any CPU
		{36BF9B8D-1D9E-495B-8176-BE62AD4F52A4}.Release|Any CPU.ActiveCfg = Release|Any CPU
		{36BF9B8D-1D9E-495B-8176-BE62AD4F52A4}.Release|Any CPU.Build.0 = Release|Any CPU
		{8DA493D4-8563-4183-90BC-4B94ADC34704}.Debug|Any CPU.ActiveCfg = Debug|Any CPU
		{8DA493D4-8563-4183-90BC-4B94ADC34704}.Debug|Any CPU.Build.0 = Debug|Any CPU
		{8DA493D4-8563-4183-90BC-4B94ADC34704}.Release|Any CPU.ActiveCfg = Release|Any CPU
		{8DA493D4-8563-4183-90BC-4B94ADC34704}.Release|Any CPU.Build.0 = Release|Any CPU
		{2A1AB180-764A-4181-956C-9EFEE0C2F471}.Debug|Any CPU.ActiveCfg = Debug|Any CPU
		{2A1AB180-764A-4181-956C-9EFEE0C2F471}.Debug|Any CPU.Build.0 = Debug|Any CPU
		{2A1AB180-764A-4181-956C-9EFEE0C2F471}.Release|Any CPU.ActiveCfg = Release|Any CPU
		{2A1AB180-764A-4181-956C-9EFEE0C2F471}.Release|Any CPU.Build.0 = Release|Any CPU
		{7300EDA2-5557-4407-ADC7-C796D13D9175}.Debug|Any CPU.ActiveCfg = Debug|Any CPU
		{7300EDA2-5557-4407-ADC7-C796D13D9175}.Debug|Any CPU.Build.0 = Debug|Any CPU
		{7300EDA2-5557-4407-ADC7-C796D13D9175}.Release|Any CPU.ActiveCfg = Release|Any CPU
		{7300EDA2-5557-4407-ADC7-C796D13D9175}.Release|Any CPU.Build.0 = Release|Any CPU
		{8E111E6C-F521-4C6E-BC9C-D4E186524C73}.Debug|Any CPU.ActiveCfg = Debug|Any CPU
		{8E111E6C-F521-4C6E-BC9C-D4E186524C73}.Debug|Any CPU.Build.0 = Debug|Any CPU
		{8E111E6C-F521-4C6E-BC9C-D4E186524C73}.Release|Any CPU.ActiveCfg = Release|Any CPU
		{8E111E6C-F521-4C6E-BC9C-D4E186524C73}.Release|Any CPU.Build.0 = Release|Any CPU
		{37FC8FB1-2D49-4377-875F-48CDA9D46DC1}.Debug|Any CPU.ActiveCfg = Debug|Any CPU
		{37FC8FB1-2D49-4377-875F-48CDA9D46DC1}.Debug|Any CPU.Build.0 = Debug|Any CPU
		{37FC8FB1-2D49-4377-875F-48CDA9D46DC1}.Release|Any CPU.ActiveCfg = Release|Any CPU
		{37FC8FB1-2D49-4377-875F-48CDA9D46DC1}.Release|Any CPU.Build.0 = Release|Any CPU
		{C5CA2218-7C84-4A7F-9BEE-0F1F42646352}.Debug|Any CPU.ActiveCfg = Debug|Any CPU
		{C5CA2218-7C84-4A7F-9BEE-0F1F42646352}.Debug|Any CPU.Build.0 = Debug|Any CPU
		{C5CA2218-7C84-4A7F-9BEE-0F1F42646352}.Release|Any CPU.ActiveCfg = Release|Any CPU
		{C5CA2218-7C84-4A7F-9BEE-0F1F42646352}.Release|Any CPU.Build.0 = Release|Any CPU
		{D6BAFD76-4ABD-4139-B919-9F6B33AB0ECA}.Debug|Any CPU.ActiveCfg = Debug|Any CPU
		{D6BAFD76-4ABD-4139-B919-9F6B33AB0ECA}.Debug|Any CPU.Build.0 = Debug|Any CPU
		{D6BAFD76-4ABD-4139-B919-9F6B33AB0ECA}.Release|Any CPU.ActiveCfg = Release|Any CPU
		{D6BAFD76-4ABD-4139-B919-9F6B33AB0ECA}.Release|Any CPU.Build.0 = Release|Any CPU
		{3320DD44-9BB0-45E3-BC07-8B87FC722121}.Debug|Any CPU.ActiveCfg = Debug|Any CPU
		{3320DD44-9BB0-45E3-BC07-8B87FC722121}.Debug|Any CPU.Build.0 = Debug|Any CPU
		{3320DD44-9BB0-45E3-BC07-8B87FC722121}.Release|Any CPU.ActiveCfg = Release|Any CPU
		{3320DD44-9BB0-45E3-BC07-8B87FC722121}.Release|Any CPU.Build.0 = Release|Any CPU
		{72553D05-3CB8-437D-B171-1D2E1F882658}.Debug|Any CPU.ActiveCfg = Debug|Any CPU
		{72553D05-3CB8-437D-B171-1D2E1F882658}.Debug|Any CPU.Build.0 = Debug|Any CPU
		{72553D05-3CB8-437D-B171-1D2E1F882658}.Release|Any CPU.ActiveCfg = Release|Any CPU
		{72553D05-3CB8-437D-B171-1D2E1F882658}.Release|Any CPU.Build.0 = Release|Any CPU
		{793EF7A9-6547-4727-BD30-E63C269CF743}.Debug|Any CPU.ActiveCfg = Debug|Any CPU
		{793EF7A9-6547-4727-BD30-E63C269CF743}.Debug|Any CPU.Build.0 = Debug|Any CPU
		{793EF7A9-6547-4727-BD30-E63C269CF743}.Release|Any CPU.ActiveCfg = Release|Any CPU
		{793EF7A9-6547-4727-BD30-E63C269CF743}.Release|Any CPU.Build.0 = Release|Any CPU
		{2FA5B174-7E9C-4729-9483-3BCBC356A019}.Debug|Any CPU.ActiveCfg = Debug|Any CPU
		{2FA5B174-7E9C-4729-9483-3BCBC356A019}.Debug|Any CPU.Build.0 = Debug|Any CPU
		{2FA5B174-7E9C-4729-9483-3BCBC356A019}.Release|Any CPU.ActiveCfg = Release|Any CPU
		{2FA5B174-7E9C-4729-9483-3BCBC356A019}.Release|Any CPU.Build.0 = Release|Any CPU
		{D53EE7AE-5332-4FCC-9C48-F0D7173B4FD5}.Debug|Any CPU.ActiveCfg = Debug|Any CPU
		{D53EE7AE-5332-4FCC-9C48-F0D7173B4FD5}.Debug|Any CPU.Build.0 = Debug|Any CPU
		{D53EE7AE-5332-4FCC-9C48-F0D7173B4FD5}.Release|Any CPU.ActiveCfg = Release|Any CPU
		{D53EE7AE-5332-4FCC-9C48-F0D7173B4FD5}.Release|Any CPU.Build.0 = Release|Any CPU
		{14A723A7-B699-4C23-B941-FAE8FDBDB468}.Debug|Any CPU.ActiveCfg = Debug|Any CPU
		{14A723A7-B699-4C23-B941-FAE8FDBDB468}.Debug|Any CPU.Build.0 = Debug|Any CPU
		{14A723A7-B699-4C23-B941-FAE8FDBDB468}.Release|Any CPU.ActiveCfg = Release|Any CPU
		{14A723A7-B699-4C23-B941-FAE8FDBDB468}.Release|Any CPU.Build.0 = Release|Any CPU
		{CEB0BE8B-D823-45DC-8DB7-21C255FBA560}.Debug|Any CPU.ActiveCfg = Debug|Any CPU
		{CEB0BE8B-D823-45DC-8DB7-21C255FBA560}.Debug|Any CPU.Build.0 = Debug|Any CPU
		{CEB0BE8B-D823-45DC-8DB7-21C255FBA560}.Release|Any CPU.ActiveCfg = Release|Any CPU
		{CEB0BE8B-D823-45DC-8DB7-21C255FBA560}.Release|Any CPU.Build.0 = Release|Any CPU
		{28F3250B-D048-4A17-8EA5-D429ACE665EA}.Debug|Any CPU.ActiveCfg = Debug|Any CPU
		{28F3250B-D048-4A17-8EA5-D429ACE665EA}.Debug|Any CPU.Build.0 = Debug|Any CPU
		{28F3250B-D048-4A17-8EA5-D429ACE665EA}.Release|Any CPU.ActiveCfg = Release|Any CPU
		{28F3250B-D048-4A17-8EA5-D429ACE665EA}.Release|Any CPU.Build.0 = Release|Any CPU
		{661E08E3-1849-4598-92DD-01346A7B975B}.Debug|Any CPU.ActiveCfg = Debug|Any CPU
		{661E08E3-1849-4598-92DD-01346A7B975B}.Debug|Any CPU.Build.0 = Debug|Any CPU
		{661E08E3-1849-4598-92DD-01346A7B975B}.Release|Any CPU.ActiveCfg = Release|Any CPU
		{661E08E3-1849-4598-92DD-01346A7B975B}.Release|Any CPU.Build.0 = Release|Any CPU
		{5EE6053C-304B-458B-BCA6-483747448598}.Debug|Any CPU.ActiveCfg = Debug|Any CPU
		{5EE6053C-304B-458B-BCA6-483747448598}.Debug|Any CPU.Build.0 = Debug|Any CPU
		{5EE6053C-304B-458B-BCA6-483747448598}.Release|Any CPU.ActiveCfg = Release|Any CPU
		{5EE6053C-304B-458B-BCA6-483747448598}.Release|Any CPU.Build.0 = Release|Any CPU
		{74F971B8-28E3-4D6B-9399-8E2B21481E89}.Debug|Any CPU.ActiveCfg = Debug|Any CPU
		{74F971B8-28E3-4D6B-9399-8E2B21481E89}.Debug|Any CPU.Build.0 = Debug|Any CPU
		{74F971B8-28E3-4D6B-9399-8E2B21481E89}.Release|Any CPU.ActiveCfg = Release|Any CPU
		{74F971B8-28E3-4D6B-9399-8E2B21481E89}.Release|Any CPU.Build.0 = Release|Any CPU
		{7037C13E-68BA-4604-8352-E1D539ADF346}.Debug|Any CPU.ActiveCfg = Debug|Any CPU
		{7037C13E-68BA-4604-8352-E1D539ADF346}.Debug|Any CPU.Build.0 = Debug|Any CPU
		{7037C13E-68BA-4604-8352-E1D539ADF346}.Release|Any CPU.ActiveCfg = Release|Any CPU
		{7037C13E-68BA-4604-8352-E1D539ADF346}.Release|Any CPU.Build.0 = Release|Any CPU
		{AE38C235-6E29-427A-8B26-E215A6DDBB91}.Debug|Any CPU.ActiveCfg = Debug|Any CPU
		{AE38C235-6E29-427A-8B26-E215A6DDBB91}.Debug|Any CPU.Build.0 = Debug|Any CPU
		{AE38C235-6E29-427A-8B26-E215A6DDBB91}.Release|Any CPU.ActiveCfg = Release|Any CPU
		{AE38C235-6E29-427A-8B26-E215A6DDBB91}.Release|Any CPU.Build.0 = Release|Any CPU
		{7D00BDBB-C3EE-424F-A536-7918E89A2F07}.Debug|Any CPU.ActiveCfg = Debug|Any CPU
		{7D00BDBB-C3EE-424F-A536-7918E89A2F07}.Debug|Any CPU.Build.0 = Debug|Any CPU
		{7D00BDBB-C3EE-424F-A536-7918E89A2F07}.Release|Any CPU.ActiveCfg = Release|Any CPU
		{7D00BDBB-C3EE-424F-A536-7918E89A2F07}.Release|Any CPU.Build.0 = Release|Any CPU
		{3BBEEEC3-1D22-4540-981E-AF339C0060C6}.Debug|Any CPU.ActiveCfg = Debug|Any CPU
		{3BBEEEC3-1D22-4540-981E-AF339C0060C6}.Debug|Any CPU.Build.0 = Debug|Any CPU
		{3BBEEEC3-1D22-4540-981E-AF339C0060C6}.Release|Any CPU.ActiveCfg = Release|Any CPU
		{3BBEEEC3-1D22-4540-981E-AF339C0060C6}.Release|Any CPU.Build.0 = Release|Any CPU
		{ACBD4605-B4B6-46DA-A793-E4651F944BA0}.Debug|Any CPU.ActiveCfg = Debug|Any CPU
		{ACBD4605-B4B6-46DA-A793-E4651F944BA0}.Debug|Any CPU.Build.0 = Debug|Any CPU
		{ACBD4605-B4B6-46DA-A793-E4651F944BA0}.Release|Any CPU.ActiveCfg = Release|Any CPU
		{ACBD4605-B4B6-46DA-A793-E4651F944BA0}.Release|Any CPU.Build.0 = Release|Any CPU
		{37AAB9CC-9B2D-4C6C-A48B-B5E07FC8CB5D}.Debug|Any CPU.ActiveCfg = Debug|Any CPU
		{37AAB9CC-9B2D-4C6C-A48B-B5E07FC8CB5D}.Debug|Any CPU.Build.0 = Debug|Any CPU
		{37AAB9CC-9B2D-4C6C-A48B-B5E07FC8CB5D}.Release|Any CPU.ActiveCfg = Release|Any CPU
		{37AAB9CC-9B2D-4C6C-A48B-B5E07FC8CB5D}.Release|Any CPU.Build.0 = Release|Any CPU
		{D48DF3CB-1F64-41FD-91B7-5DD0559C8272}.Debug|Any CPU.ActiveCfg = Debug|Any CPU
		{D48DF3CB-1F64-41FD-91B7-5DD0559C8272}.Debug|Any CPU.Build.0 = Debug|Any CPU
		{D48DF3CB-1F64-41FD-91B7-5DD0559C8272}.Release|Any CPU.ActiveCfg = Release|Any CPU
		{D48DF3CB-1F64-41FD-91B7-5DD0559C8272}.Release|Any CPU.Build.0 = Release|Any CPU
		{9BEABD12-6AB1-4CF2-84CB-853A880D6D74}.Debug|Any CPU.ActiveCfg = Debug|Any CPU
		{9BEABD12-6AB1-4CF2-84CB-853A880D6D74}.Debug|Any CPU.Build.0 = Debug|Any CPU
		{9BEABD12-6AB1-4CF2-84CB-853A880D6D74}.Release|Any CPU.ActiveCfg = Release|Any CPU
		{9BEABD12-6AB1-4CF2-84CB-853A880D6D74}.Release|Any CPU.Build.0 = Release|Any CPU
		{D20D9623-F309-4C23-97A3-69FC64E568AE}.Debug|Any CPU.ActiveCfg = Debug|Any CPU
		{D20D9623-F309-4C23-97A3-69FC64E568AE}.Debug|Any CPU.Build.0 = Debug|Any CPU
		{D20D9623-F309-4C23-97A3-69FC64E568AE}.Release|Any CPU.ActiveCfg = Release|Any CPU
		{D20D9623-F309-4C23-97A3-69FC64E568AE}.Release|Any CPU.Build.0 = Release|Any CPU
	EndGlobalSection
	GlobalSection(SolutionProperties) = preSolution
		HideSolutionNode = FALSE
	EndGlobalSection
	GlobalSection(ExtensibilityGlobals) = postSolution
		SolutionGuid = {C671BCDE-8874-4AA3-BA1B-1B5734B0949E}
	EndGlobalSection
EndGlobal
