
Microsoft Visual Studio Solution File, Format Version 12.00
# Visual Studio Version 17
VisualStudioVersion = 17.1.32421.90
MinimumVisualStudioVersion = 10.0.40219.1
Project("{FAE04EC0-301F-11D3-BF4B-00C04F79EFBC}") = "ej3", "ejercicios\ej3.csproj", "{401B4293-8571-46C4-821A-07C45C7A95EB}"
EndProject
Project("{FAE04EC0-301F-11D3-BF4B-00C04F79EFBC}") = "ej4 bien", "ej4 bien\ej4 bien.csproj", "{36BF9B8D-1D9E-495B-8176-BE62AD4F52A4}"
EndProject
Project("{FAE04EC0-301F-11D3-BF4B-00C04F79EFBC}") = "Juego AI", "Juego AI\Juego AI.csproj", "{8DA493D4-8563-4183-90BC-4B94ADC34704}"
EndProject
Global
	GlobalSection(SolutionConfigurationPlatforms) = preSolution
		Debug|Any CPU = Debug|Any CPU
		Release|Any CPU = Release|Any CPU
	EndGlobalSection
	GlobalSection(ProjectConfigurationPlatforms) = postSolution
		{401B4293-8571-46C4-821A-07C45C7A95EB}.Debug|Any CPU.ActiveCfg = Debug|Any CPU
		{401B4293-8571-46C4-821A-07C45C7A95EB}.Debug|Any CPU.Build.0 = Debug|Any CPU
		{401B4293-8571-46C4-821A-07C45C7A95EB}.Release|Any CPU.ActiveCfg = Release|Any CPU
		{401B4293-8571-46C4-821A-07C45C7A95EB}.Release|Any CPU.Build.0 = Release|Any CPU
		{36BF9B8D-1D9E-495B-8176-BE62AD4F52A4}.Debug|Any CPU.ActiveCfg = Debug|Any CPU
		{36BF9B8D-1D9E-495B-8176-BE62AD4F52A4}.Debug|Any CPU.Build.0 = Debug|Any CPU
		{36BF9B8D-1D9E-495B-8176-BE62AD4F52A4}.Release|Any CPU.ActiveCfg = Release|Any CPU
		{36BF9B8D-1D9E-495B-8176-BE62AD4F52A4}.Release|Any CPU.Build.0 = Release|Any CPU
		{8DA493D4-8563-4183-90BC-4B94ADC34704}.Debug|Any CPU.ActiveCfg = Debug|Any CPU
		{8DA493D4-8563-4183-90BC-4B94ADC34704}.Debug|Any CPU.Build.0 = Debug|Any CPU
		{8DA493D4-8563-4183-90BC-4B94ADC34704}.Release|Any CPU.ActiveCfg = Release|Any CPU
		{8DA493D4-8563-4183-90BC-4B94ADC34704}.Release|Any CPU.Build.0 = Release|Any CPU
	EndGlobalSection
	GlobalSection(SolutionProperties) = preSolution
		HideSolutionNode = FALSE
	EndGlobalSection
	GlobalSection(ExtensibilityGlobals) = postSolution
		SolutionGuid = {C671BCDE-8874-4AA3-BA1B-1B5734B0949E}
	EndGlobalSection
EndGlobal
