
Microsoft Visual Studio Solution File, Format Version 12.00
# Visual Studio Version 17
VisualStudioVersion = 17.1.32421.90
MinimumVisualStudioVersion = 10.0.40219.1
Project("{FAE04EC0-301F-11D3-BF4B-00C04F79EFBC}") = "ej3", "ejercicios\ej3.csproj", "{401B4293-8571-46C4-821A-07C45C7A95EB}"
EndProject
Project("{FAE04EC0-301F-11D3-BF4B-00C04F79EFBC}") = "ej4 bien", "ej4 bien\ej4 bien.csproj", "{36BF9B8D-1D9E-495B-8176-BE62AD4F52A4}"
EndProject
Project("{FAE04EC0-301F-11D3-BF4B-00C04F79EFBC}") = "Juego AI", "Juego AI\Juego AI.csproj", "{8DA493D4-8563-4183-90BC-4B94ADC34704}"
EndProject
Project("{FAE04EC0-301F-11D3-BF4B-00C04F79EFBC}") = "Copito", "Copito\Copito.csproj", "{2A1AB180-764A-4181-956C-9EFEE0C2F471}"
EndProject
Project("{FAE04EC0-301F-11D3-BF4B-00C04F79EFBC}") = "ejerciciosNumeros", "ejerciciosNumeros\ejerciciosNumeros.csproj", "{7300EDA2-5557-4407-ADC7-C796D13D9175}"
EndProject
Project("{FAE04EC0-301F-11D3-BF4B-00C04F79EFBC}") = "Ejercicio Personas", "ejercicioPersonas\Ejercicio Personas.csproj", "{8E111E6C-F521-4C6E-BC9C-D4E186524C73}"
EndProject
Project("{FAE04EC0-301F-11D3-BF4B-00C04F79EFBC}") = "poblArge", "poblArge\poblArge.csproj", "{37FC8FB1-2D49-4377-875F-48CDA9D46DC1}"
EndProject
Project("{FAE04EC0-301F-11D3-BF4B-00C04F79EFBC}") = "aPedidoDelPublico", "aPedidoDelPublico\aPedidoDelPublico.csproj", "{C5CA2218-7C84-4A7F-9BEE-0F1F42646352}"
EndProject
Project("{FAE04EC0-301F-11D3-BF4B-00C04F79EFBC}") = "bibioteca", "bibioteca\bibioteca.csproj", "{D6BAFD76-4ABD-4139-B919-9F6B33AB0ECA}"
EndProject
Project("{FAE04EC0-301F-11D3-BF4B-00C04F79EFBC}") = "pobl3Paises", "pobl3Paises\pobl3Paises.csproj", "{3320DD44-9BB0-45E3-BC07-8B87FC722121}"
EndProject
Project("{FAE04EC0-301F-11D3-BF4B-00C04F79EFBC}") = "pobl3PaisesPeroMuerenCada2Min", "pobl3PaisesPeroMuerenCada2Min\pobl3PaisesPeroMuerenCada2Min.csproj", "{72553D05-3CB8-437D-B171-1D2E1F882658}"
EndProject
Project("{FAE04EC0-301F-11D3-BF4B-00C04F79EFBC}") = "ejerciciosObligatorios4", "Ejercicio4.1\ejerciciosObligatorios4.csproj", "{28F3250B-D048-4A17-8EA5-D429ACE665EA}"
EndProject
Project("{FAE04EC0-301F-11D3-BF4B-00C04F79EFBC}") = "ejerciciosObligatorios5", "ejerciciosObligatorios5\ejerciciosObligatorios5.csproj", "{661E08E3-1849-4598-92DD-01346A7B975B}"
EndProject
Project("{FAE04EC0-301F-11D3-BF4B-00C04F79EFBC}") = "ejerciciosObligatorios1", "ejercicioObligatorio1\ejerciciosObligatorios1.csproj", "{14A723A7-B699-4C23-B941-FAE8FDBDB468}"
EndProject
Project("{FAE04EC0-301F-11D3-BF4B-00C04F79EFBC}") = "ejerciciosObligatorios6", "ejerciciosObligatorios6\ejerciciosObligatorios6.csproj", "{5EE6053C-304B-458B-BCA6-483747448598}"
EndProject
Project("{FAE04EC0-301F-11D3-BF4B-00C04F79EFBC}") = "ejerciciosObligatorios2", "ejerciciosObligatorios2\ejerciciosObligatorios2.csproj", "{D53EE7AE-5332-4FCC-9C48-F0D7173B4FD5}"
EndProject
Project("{FAE04EC0-301F-11D3-BF4B-00C04F79EFBC}") = "ejerciciosObligatorios3", "ejerciciosObligatorios3\ejerciciosObligatorios3.csproj", "{CEB0BE8B-D823-45DC-8DB7-21C255FBA560}"
EndProject
Project("{FAE04EC0-301F-11D3-BF4B-00C04F79EFBC}") = "ejerciciosObligatorios7", "ejerciciosObligatorios7\ejerciciosObligatorios7.csproj", "{74F971B8-28E3-4D6B-9399-8E2B21481E89}"
EndProject
Project("{FAE04EC0-301F-11D3-BF4B-00C04F79EFBC}") = "ejerciciosObligatorios8", "ejerciciosObligatorios8\ejerciciosObligatorios8.csproj", "{7037C13E-68BA-4604-8352-E1D539ADF346}"
EndProject
Global
	GlobalSection(SolutionConfigurationPlatforms) = preSolution
		Debug|Any CPU = Debug|Any CPU
		Release|Any CPU = Release|Any CPU
	EndGlobalSection
	GlobalSection(ProjectConfigurationPlatforms) = postSolution
		{401B4293-8571-46C4-821A-07C45C7A95EB}.Debug|Any CPU.ActiveCfg = Debug|Any CPU
		{401B4293-8571-46C4-821A-07C45C7A95EB}.Debug|Any CPU.Build.0 = Debug|Any CPU
		{401B4293-8571-46C4-821A-07C45C7A95EB}.Release|Any CPU.ActiveCfg = Release|Any CPU
		{401B4293-8571-46C4-821A-07C45C7A95EB}.Release|Any CPU.Build.0 = Release|Any CPU
		{36BF9B8D-1D9E-495B-8176-BE62AD4F52A4}.Debug|Any CPU.ActiveCfg = Debug|Any CPU
		{36BF9B8D-1D9E-495B-8176-BE62AD4F52A4}.Debug|Any CPU.Build.0 = Debug|Any CPU
		{36BF9B8D-1D9E-495B-8176-BE62AD4F52A4}.Release|Any CPU.ActiveCfg = Release|Any CPU
		{36BF9B8D-1D9E-495B-8176-BE62AD4F52A4}.Release|Any CPU.Build.0 = Release|Any CPU
		{8DA493D4-8563-4183-90BC-4B94ADC34704}.Debug|Any CPU.ActiveCfg = Debug|Any CPU
		{8DA493D4-8563-4183-90BC-4B94ADC34704}.Debug|Any CPU.Build.0 = Debug|Any CPU
		{8DA493D4-8563-4183-90BC-4B94ADC34704}.Release|Any CPU.ActiveCfg = Release|Any CPU
		{8DA493D4-8563-4183-90BC-4B94ADC34704}.Release|Any CPU.Build.0 = Release|Any CPU
		{2A1AB180-764A-4181-956C-9EFEE0C2F471}.Debug|Any CPU.ActiveCfg = Debug|Any CPU
		{2A1AB180-764A-4181-956C-9EFEE0C2F471}.Debug|Any CPU.Build.0 = Debug|Any CPU
		{2A1AB180-764A-4181-956C-9EFEE0C2F471}.Release|Any CPU.ActiveCfg = Release|Any CPU
		{2A1AB180-764A-4181-956C-9EFEE0C2F471}.Release|Any CPU.Build.0 = Release|Any CPU
		{7300EDA2-5557-4407-ADC7-C796D13D9175}.Debug|Any CPU.ActiveCfg = Debug|Any CPU
		{7300EDA2-5557-4407-ADC7-C796D13D9175}.Debug|Any CPU.Build.0 = Debug|Any CPU
		{7300EDA2-5557-4407-ADC7-C796D13D9175}.Release|Any CPU.ActiveCfg = Release|Any CPU
		{7300EDA2-5557-4407-ADC7-C796D13D9175}.Release|Any CPU.Build.0 = Release|Any CPU
		{8E111E6C-F521-4C6E-BC9C-D4E186524C73}.Debug|Any CPU.ActiveCfg = Debug|Any CPU
		{8E111E6C-F521-4C6E-BC9C-D4E186524C73}.Debug|Any CPU.Build.0 = Debug|Any CPU
		{8E111E6C-F521-4C6E-BC9C-D4E186524C73}.Release|Any CPU.ActiveCfg = Release|Any CPU
		{8E111E6C-F521-4C6E-BC9C-D4E186524C73}.Release|Any CPU.Build.0 = Release|Any CPU
		{37FC8FB1-2D49-4377-875F-48CDA9D46DC1}.Debug|Any CPU.ActiveCfg = Debug|Any CPU
		{37FC8FB1-2D49-4377-875F-48CDA9D46DC1}.Debug|Any CPU.Build.0 = Debug|Any CPU
		{37FC8FB1-2D49-4377-875F-48CDA9D46DC1}.Release|Any CPU.ActiveCfg = Release|Any CPU
		{37FC8FB1-2D49-4377-875F-48CDA9D46DC1}.Release|Any CPU.Build.0 = Release|Any CPU
		{C5CA2218-7C84-4A7F-9BEE-0F1F42646352}.Debug|Any CPU.ActiveCfg = Debug|Any CPU
		{C5CA2218-7C84-4A7F-9BEE-0F1F42646352}.Debug|Any CPU.Build.0 = Debug|Any CPU
		{C5CA2218-7C84-4A7F-9BEE-0F1F42646352}.Release|Any CPU.ActiveCfg = Release|Any CPU
		{C5CA2218-7C84-4A7F-9BEE-0F1F42646352}.Release|Any CPU.Build.0 = Release|Any CPU
		{D6BAFD76-4ABD-4139-B919-9F6B33AB0ECA}.Debug|Any CPU.ActiveCfg = Debug|Any CPU
		{D6BAFD76-4ABD-4139-B919-9F6B33AB0ECA}.Debug|Any CPU.Build.0 = Debug|Any CPU
		{D6BAFD76-4ABD-4139-B919-9F6B33AB0ECA}.Release|Any CPU.ActiveCfg = Release|Any CPU
		{D6BAFD76-4ABD-4139-B919-9F6B33AB0ECA}.Release|Any CPU.Build.0 = Release|Any CPU
		{3320DD44-9BB0-45E3-BC07-8B87FC722121}.Debug|Any CPU.ActiveCfg = Debug|Any CPU
		{3320DD44-9BB0-45E3-BC07-8B87FC722121}.Debug|Any CPU.Build.0 = Debug|Any CPU
		{3320DD44-9BB0-45E3-BC07-8B87FC722121}.Release|Any CPU.ActiveCfg = Release|Any CPU
		{3320DD44-9BB0-45E3-BC07-8B87FC722121}.Release|Any CPU.Build.0 = Release|Any CPU
		{72553D05-3CB8-437D-B171-1D2E1F882658}.Debug|Any CPU.ActiveCfg = Debug|Any CPU
		{72553D05-3CB8-437D-B171-1D2E1F882658}.Debug|Any CPU.Build.0 = Debug|Any CPU
		{72553D05-3CB8-437D-B171-1D2E1F882658}.Release|Any CPU.ActiveCfg = Release|Any CPU
		{72553D05-3CB8-437D-B171-1D2E1F882658}.Release|Any CPU.Build.0 = Release|Any CPU
		{28F3250B-D048-4A17-8EA5-D429ACE665EA}.Debug|Any CPU.ActiveCfg = Debug|Any CPU
		{28F3250B-D048-4A17-8EA5-D429ACE665EA}.Debug|Any CPU.Build.0 = Debug|Any CPU
		{28F3250B-D048-4A17-8EA5-D429ACE665EA}.Release|Any CPU.ActiveCfg = Release|Any CPU
		{28F3250B-D048-4A17-8EA5-D429ACE665EA}.Release|Any CPU.Build.0 = Release|Any CPU
		{661E08E3-1849-4598-92DD-01346A7B975B}.Debug|Any CPU.ActiveCfg = Debug|Any CPU
		{661E08E3-1849-4598-92DD-01346A7B975B}.Debug|Any CPU.Build.0 = Debug|Any CPU
		{661E08E3-1849-4598-92DD-01346A7B975B}.Release|Any CPU.ActiveCfg = Release|Any CPU
		{661E08E3-1849-4598-92DD-01346A7B975B}.Release|Any CPU.Build.0 = Release|Any CPU
		{14A723A7-B699-4C23-B941-FAE8FDBDB468}.Debug|Any CPU.ActiveCfg = Debug|Any CPU
		{14A723A7-B699-4C23-B941-FAE8FDBDB468}.Debug|Any CPU.Build.0 = Debug|Any CPU
		{14A723A7-B699-4C23-B941-FAE8FDBDB468}.Release|Any CPU.ActiveCfg = Release|Any CPU
		{14A723A7-B699-4C23-B941-FAE8FDBDB468}.Release|Any CPU.Build.0 = Release|Any CPU
		{5EE6053C-304B-458B-BCA6-483747448598}.Debug|Any CPU.ActiveCfg = Debug|Any CPU
		{5EE6053C-304B-458B-BCA6-483747448598}.Debug|Any CPU.Build.0 = Debug|Any CPU
		{5EE6053C-304B-458B-BCA6-483747448598}.Release|Any CPU.ActiveCfg = Release|Any CPU
		{5EE6053C-304B-458B-BCA6-483747448598}.Release|Any CPU.Build.0 = Release|Any CPU
		{D53EE7AE-5332-4FCC-9C48-F0D7173B4FD5}.Debug|Any CPU.ActiveCfg = Debug|Any CPU
		{D53EE7AE-5332-4FCC-9C48-F0D7173B4FD5}.Debug|Any CPU.Build.0 = Debug|Any CPU
		{D53EE7AE-5332-4FCC-9C48-F0D7173B4FD5}.Release|Any CPU.ActiveCfg = Release|Any CPU
		{D53EE7AE-5332-4FCC-9C48-F0D7173B4FD5}.Release|Any CPU.Build.0 = Release|Any CPU
		{CEB0BE8B-D823-45DC-8DB7-21C255FBA560}.Debug|Any CPU.ActiveCfg = Debug|Any CPU
		{CEB0BE8B-D823-45DC-8DB7-21C255FBA560}.Debug|Any CPU.Build.0 = Debug|Any CPU
		{CEB0BE8B-D823-45DC-8DB7-21C255FBA560}.Release|Any CPU.ActiveCfg = Release|Any CPU
		{CEB0BE8B-D823-45DC-8DB7-21C255FBA560}.Release|Any CPU.Build.0 = Release|Any CPU
		{74F971B8-28E3-4D6B-9399-8E2B21481E89}.Debug|Any CPU.ActiveCfg = Debug|Any CPU
		{74F971B8-28E3-4D6B-9399-8E2B21481E89}.Debug|Any CPU.Build.0 = Debug|Any CPU
		{74F971B8-28E3-4D6B-9399-8E2B21481E89}.Release|Any CPU.ActiveCfg = Release|Any CPU
		{74F971B8-28E3-4D6B-9399-8E2B21481E89}.Release|Any CPU.Build.0 = Release|Any CPU
		{7037C13E-68BA-4604-8352-E1D539ADF346}.Debug|Any CPU.ActiveCfg = Debug|Any CPU
		{7037C13E-68BA-4604-8352-E1D539ADF346}.Debug|Any CPU.Build.0 = Debug|Any CPU
		{7037C13E-68BA-4604-8352-E1D539ADF346}.Release|Any CPU.ActiveCfg = Release|Any CPU
		{7037C13E-68BA-4604-8352-E1D539ADF346}.Release|Any CPU.Build.0 = Release|Any CPU
	EndGlobalSection
	GlobalSection(SolutionProperties) = preSolution
		HideSolutionNode = FALSE
	EndGlobalSection
	GlobalSection(ExtensibilityGlobals) = postSolution
		SolutionGuid = {C671BCDE-8874-4AA3-BA1B-1B5734B0949E}
	EndGlobalSection
EndGlobal
